lockfileVersion: '9.0'

settings:
  autoInstallPeers: true
  excludeLinksFromLockfile: false

importers:

  .:
    dependencies:
      enhanced-resolve:
        specifier: ^5.12.0
        version: 5.18.4
    devDependencies:
      '@rstest/core':
        specifier: latest
        version: 0.7.7
      '@types/node':
        specifier: ^18.13.0
        version: 18.19.130

packages:

  '@emnapi/core@1.7.1':
    resolution: {integrity: sha512-o1uhUASyo921r2XtHYOHy7gdkGLge8ghBEQHMWmyJFoXlpU58kIrhhN3w26lpQb6dspetweapMn2CSNwQ8I4wg==}

  '@emnapi/runtime@1.7.1':
    resolution: {integrity: sha512-PVtJr5CmLwYAU9PZDMITZoR5iAOShYREoR45EyyLrbntV50mdePTgUn4AmOw90Ifcj+x2kRjdzr1HP3RrNiHGA==}

  '@emnapi/wasi-threads@1.1.0':
    resolution: {integrity: sha512-WI0DdZ8xFSbgMjR1sFsKABJ/C5OnRrjT06JXbZKexJGrDuPTzZdDYfFlsgcCXCyf+suG5QU2e/y1Wo2V/OapLQ==}

  '@module-federation/error-codes@0.21.6':
    resolution: {integrity: sha512-MLJUCQ05KnoVl8xd6xs9a5g2/8U+eWmVxg7xiBMeR0+7OjdWUbHwcwgVFatRIwSZvFgKHfWEiI7wsU1q1XbTRQ==}

  '@module-federation/runtime-core@0.21.6':
    resolution: {integrity: sha512-5Hd1Y5qp5lU/aTiK66lidMlM/4ji2gr3EXAtJdreJzkY+bKcI5+21GRcliZ4RAkICmvdxQU5PHPL71XmNc7Lsw==}

  '@module-federation/runtime-tools@0.21.6':
    resolution: {integrity: sha512-fnP+ZOZTFeBGiTAnxve+axGmiYn2D60h86nUISXjXClK3LUY1krUfPgf6MaD4YDJ4i51OGXZWPekeMe16pkd8Q==}

  '@module-federation/runtime@0.21.6':
    resolution: {integrity: sha512-+caXwaQqwTNh+CQqyb4mZmXq7iEemRDrTZQGD+zyeH454JAYnJ3s/3oDFizdH6245pk+NiqDyOOkHzzFQorKhQ==}

  '@module-federation/sdk@0.21.6':
    resolution: {integrity: sha512-x6hARETb8iqHVhEsQBysuWpznNZViUh84qV2yE7AD+g7uIzHKiYdoWqj10posbo5XKf/147qgWDzKZoKoEP2dw==}

  '@module-federation/webpack-bundler-runtime@0.21.6':
    resolution: {integrity: sha512-7zIp3LrcWbhGuFDTUMLJ2FJvcwjlddqhWGxi/MW3ur1a+HaO8v5tF2nl+vElKmbG1DFLU/52l3PElVcWf/YcsQ==}

  '@napi-rs/wasm-runtime@1.0.7':
    resolution: {integrity: sha512-SeDnOO0Tk7Okiq6DbXmmBODgOAb9dp9gjlphokTUxmt8U3liIP1ZsozBahH69j/RJv+Rfs6IwUKHTgQYJ/HBAw==}

  '@rsbuild/core@1.7.0-beta.1':
    resolution: {integrity: sha512-qQ9jKF0GzUI2a53Ql18p252PBPBRVnLWQQXOWevolHNakSrTQ+ESD9pK0AvmJIF8TiQ7qaSccEzrisTg+EQfEA==}
    engines: {node: '>=18.12.0'}
    hasBin: true

  '@rspack/binding-darwin-arm64@1.7.0-beta.1':
    resolution: {integrity: sha512-UR+WRtuRttu1dMY8lIP3qHcDVjRfz8RtS5KegUw7EArmOMDQBUpZtc+xporXnKr/bf6FTdwUpUh2KTJ9Ss3H2Q==}
    cpu: [arm64]
    os: [darwin]

  '@rspack/binding-darwin-x64@1.7.0-beta.1':
    resolution: {integrity: sha512-wPR3uE0PXL+AUHI7rH2SKAYxinjjhiVOLgE+KxeHQwx5P3G1GjmMi9b+vif/NRTDNyFYS0VnxHFMb7Ja5rFhRw==}
    cpu: [x64]
    os: [darwin]

  '@rspack/binding-linux-arm64-gnu@1.7.0-beta.1':
    resolution: {integrity: sha512-iI+84/jOgLCTfORniIsQFoqwSsT9ppJXCCZS0Hzx9nn5vjZ+i/dmh6C7EwD9pJQgLhuqMLRv9Pd7Cz8zD9pv/A==}
    cpu: [arm64]
    os: [linux]

  '@rspack/binding-linux-arm64-musl@1.7.0-beta.1':
    resolution: {integrity: sha512-EdYWcjXOMTYB+qdR84u2wBwhNlqdwDmiMrL3TnFYh2NH6dQJqEUvzSe7bx2UKOobIkNnVU0wCeT5jZOPnEwXBg==}
    cpu: [arm64]
    os: [linux]

  '@rspack/binding-linux-x64-gnu@1.7.0-beta.1':
    resolution: {integrity: sha512-3G3bkWnxkGnCn/t4KtU9KHG4lLdmIWF3ApEkXZL0YNHSEg+eFkMm3oVL/YtJUdRNU4QlbL4lwPcuMIDK6FOefw==}
    cpu: [x64]
    os: [linux]

  '@rspack/binding-linux-x64-musl@1.7.0-beta.1':
    resolution: {integrity: sha512-q5LnITueKNPFFDmOjGU7e17cczr65MXQKC72VvNEpD2lDSqe9GbQ9tmlbG1seWmGKtsRSwi+j1qeZhoC3AQW4w==}
    cpu: [x64]
    os: [linux]

  '@rspack/binding-wasm32-wasi@1.7.0-beta.1':
    resolution: {integrity: sha512-cJ41fUloY6RMMMsa5JQ0z13BDDlmMR5NX5LYWB0aY+rppF77EfxaPeNzb9NTL3QKh8zy1OPcZzZ+n27JEWlAXg==}
    cpu: [wasm32]

  '@rspack/binding-win32-arm64-msvc@1.7.0-beta.1':
    resolution: {integrity: sha512-+Jbx0le019Xc692pD6bqN7pZQDZg1fZuKLpBaI+FINIkJ7JzkCn64UhbxFpcskc1Z8/tBojEvu9FIozVnWq7Kg==}
    cpu: [arm64]
    os: [win32]

  '@rspack/binding-win32-ia32-msvc@1.7.0-beta.1':
    resolution: {integrity: sha512-UOqEsWL8Udp1Fb2YwoY3Na2fo5gwzGW9EXVJ7l0AJEVSKGSwuM/Wk0dD5jmwKYilVzwZ23Dx8hVZreM6/Y33aQ==}
    cpu: [ia32]
    os: [win32]

  '@rspack/binding-win32-x64-msvc@1.7.0-beta.1':
    resolution: {integrity: sha512-YtziYe5sSLcJRItkp4Vq/dKGUV9dBZHwhXGjf44K4AlwEtAblf2GnlzrYfDeZP6uqqCjH0f9A//3+zytO2so0w==}
    cpu: [x64]
    os: [win32]

  '@rspack/binding@1.7.0-beta.1':
    resolution: {integrity: sha512-BZXEMduPOyGkqJNRaf90uI2QMSH241S1YwXyK9DKH406sZfUTvIwhE9LFVaEgNucChwJ7DXTriwuBJSHVf0R1Q==}

  '@rspack/core@1.7.0-beta.1':
    resolution: {integrity: sha512-dqLODRPWFCWs4YR34kPT4Gr7ruLBihn4lxM+nf87FiaXKIeb7Ga5K0cnh52t+Wzly6GsdAWZQWmq0pDiqPhy0w==}
    engines: {node: '>=18.12.0'}
    peerDependencies:
      '@swc/helpers': '>=0.5.1'
    peerDependenciesMeta:
      '@swc/helpers':
        optional: true

  '@rspack/lite-tapable@1.1.0':
    resolution: {integrity: sha512-E2B0JhYFmVAwdDiG14+DW0Di4Ze4Jg10Pc4/lILUrd5DRCaklduz2OvJ5HYQ6G+hd+WTzqQb3QnDNfK4yvAFYw==}

  '@rstest/core@0.7.7':
    resolution: {integrity: sha512-WZSTMcgdrg6BVEZSP6XP0Bl4Ng+riaTmIuJrW4QPGOOefFXxVpPjQ4p1NpMZQAGOVf9qK2jxH+fus0X3/SpNDA==}
    engines: {node: '>=18.12.0'}
    hasBin: true
    peerDependencies:
      happy-dom: '*'
      jsdom: '*'
    peerDependenciesMeta:
      happy-dom:
        optional: true
      jsdom:
        optional: true

  '@swc/helpers@0.5.18':
    resolution: {integrity: sha512-TXTnIcNJQEKwThMMqBXsZ4VGAza6bvN4pa41Rkqoio6QBKMvo+5lexeTMScGCIxtzgQJzElcvIltani+adC5PQ==}

  '@tybys/wasm-util@0.10.1':
    resolution: {integrity: sha512-9tTaPJLSiejZKx+Bmog4uSubteqTvFrVrURwkmHixBo0G4seD0zUxp98E1DzUBJxLQ3NPwXrGKDiVjwx/DpPsg==}

  '@types/chai@5.2.3':
    resolution: {integrity: sha512-Mw558oeA9fFbv65/y4mHtXDs9bPnFMZAL/jxdPFUpOHHIXX91mcgEHbS5Lahr+pwZFR8A7GQleRWeI6cGFC2UA==}

  '@types/deep-eql@4.0.2':
    resolution: {integrity: sha512-c9h9dVVMigMPc4bwTvC5dxqtqJZwQPePsWjPlpSOnojbor6pGqdk541lfA7AqFQr5pB1BRdq0juY9db81BwyFw==}

  '@types/node@18.19.130':
    resolution: {integrity: sha512-GRaXQx6jGfL8sKfaIDD6OupbIHBr9jv7Jnaml9tB7l4v068PAOXqfcujMMo5PhbIs6ggR1XODELqahT2R8v0fg==}

  assertion-error@2.0.1:
    resolution: {integrity: sha512-Izi8RQcffqCeNVgFigKli1ssklIbpHnCYc6AknXGYoB6grJqyeby7jv12JUQgmTAnIDnbck1uxksT4dzN3PWBA==}
    engines: {node: '>=12'}

  core-js@3.47.0:
    resolution: {integrity: sha512-c3Q2VVkGAUyupsjRnaNX6u8Dq2vAdzm9iuPj5FW0fRxzlxgq9Q39MDq10IvmQSpLgHQNyQzQmOo6bgGHmH3NNg==}

  enhanced-resolve@5.18.4:
    resolution: {integrity: sha512-LgQMM4WXU3QI+SYgEc2liRgznaD5ojbmY3sb8LxyguVkIg5FxdpTkvk72te2R38/TGKxH634oLxXRGY6d7AP+Q==}
    engines: {node: '>=10.13.0'}

  graceful-fs@4.2.11:
    resolution: {integrity: sha512-RbJ5/jmFcNNCcDV5o9eTnBLJ/HszWV0P73bc+Ff4nS/rJj+YaS6IGyiOL0VoBYX+l1Wrl3k63h/KrH+nhJ0XvQ==}

  jiti@2.6.1:
    resolution: {integrity: sha512-ekilCSN1jwRvIbgeg/57YFh8qQDNbwDb9xT/qu2DAHbFFZUicIl4ygVaAvzveMhMVr3LnpSKTNnwt8PoOfmKhQ==}
    hasBin: true

  tapable@2.3.0:
    resolution: {integrity: sha512-g9ljZiwki/LfxmQADO3dEY1CbpmXT5Hm2fJ+QaGKwSXUylMybePR7/67YW7jOrrvjEgL1Fmz5kzyAjWVWLlucg==}
    engines: {node: '>=6'}

  tinypool@1.1.1:
    resolution: {integrity: sha512-Zba82s87IFq9A9XmjiX5uZA/ARWDrB03OHlq+Vw1fSdt0I+4/Kutwy8BP4Y/y/aORMo61FQ0vIb5j44vSo5Pkg==}
    engines: {node: ^18.0.0 || >=20.0.0}

  tslib@2.8.1:
    resolution: {integrity: sha512-oJFu94HQb+KVduSUQL7wnpmqnfmLsOA/nAh6b6EH0wCEoK0/mPeXU6c3wKDV83MkOuHPRHtSXKKU99IBazS/2w==}

  undici-types@5.26.5:
    resolution: {integrity: sha512-JlCMO+ehdEIKqlFxk6IfVoAUVmgz7cU7zD/h9XZ0qzeosSHmUJVOzSQvvYSYWXkFXC+IfLKSIffhv0sVZup6pA==}

snapshots:

  '@emnapi/core@1.7.1':
    dependencies:
      '@emnapi/wasi-threads': 1.1.0
      tslib: 2.8.1
    optional: true

  '@emnapi/runtime@1.7.1':
    dependencies:
      tslib: 2.8.1
    optional: true

  '@emnapi/wasi-threads@1.1.0':
    dependencies:
      tslib: 2.8.1
    optional: true

  '@module-federation/error-codes@0.21.6': {}

  '@module-federation/runtime-core@0.21.6':
    dependencies:
      '@module-federation/error-codes': 0.21.6
      '@module-federation/sdk': 0.21.6

  '@module-federation/runtime-tools@0.21.6':
    dependencies:
      '@module-federation/runtime': 0.21.6
      '@module-federation/webpack-bundler-runtime': 0.21.6

  '@module-federation/runtime@0.21.6':
    dependencies:
      '@module-federation/error-codes': 0.21.6
      '@module-federation/runtime-core': 0.21.6
      '@module-federation/sdk': 0.21.6

  '@module-federation/sdk@0.21.6': {}

  '@module-federation/webpack-bundler-runtime@0.21.6':
    dependencies:
      '@module-federation/runtime': 0.21.6
      '@module-federation/sdk': 0.21.6

  '@napi-rs/wasm-runtime@1.0.7':
    dependencies:
      '@emnapi/core': 1.7.1
      '@emnapi/runtime': 1.7.1
      '@tybys/wasm-util': 0.10.1
    optional: true

  '@rsbuild/core@1.7.0-beta.1':
    dependencies:
      '@rspack/core': 1.7.0-beta.1(@swc/helpers@0.5.18)
      '@rspack/lite-tapable': 1.1.0
      '@swc/helpers': 0.5.18
      core-js: 3.47.0
      jiti: 2.6.1

  '@rspack/binding-darwin-arm64@1.7.0-beta.1':
    optional: true

  '@rspack/binding-darwin-x64@1.7.0-beta.1':
    optional: true

  '@rspack/binding-linux-arm64-gnu@1.7.0-beta.1':
    optional: true

  '@rspack/binding-linux-arm64-musl@1.7.0-beta.1':
    optional: true

  '@rspack/binding-linux-x64-gnu@1.7.0-beta.1':
    optional: true

  '@rspack/binding-linux-x64-musl@1.7.0-beta.1':
    optional: true

  '@rspack/binding-wasm32-wasi@1.7.0-beta.1':
    dependencies:
      '@napi-rs/wasm-runtime': 1.0.7
    optional: true

  '@rspack/binding-win32-arm64-msvc@1.7.0-beta.1':
    optional: true

  '@rspack/binding-win32-ia32-msvc@1.7.0-beta.1':
    optional: true

  '@rspack/binding-win32-x64-msvc@1.7.0-beta.1':
    optional: true

  '@rspack/binding@1.7.0-beta.1':
    optionalDependencies:
      '@rspack/binding-darwin-arm64': 1.7.0-beta.1
      '@rspack/binding-darwin-x64': 1.7.0-beta.1
      '@rspack/binding-linux-arm64-gnu': 1.7.0-beta.1
      '@rspack/binding-linux-arm64-musl': 1.7.0-beta.1
      '@rspack/binding-linux-x64-gnu': 1.7.0-beta.1
      '@rspack/binding-linux-x64-musl': 1.7.0-beta.1
      '@rspack/binding-wasm32-wasi': 1.7.0-beta.1
      '@rspack/binding-win32-arm64-msvc': 1.7.0-beta.1
      '@rspack/binding-win32-ia32-msvc': 1.7.0-beta.1
      '@rspack/binding-win32-x64-msvc': 1.7.0-beta.1

  '@rspack/core@1.7.0-beta.1(@swc/helpers@0.5.18)':
    dependencies:
      '@module-federation/runtime-tools': 0.21.6
      '@rspack/binding': 1.7.0-beta.1
      '@rspack/lite-tapable': 1.1.0
    optionalDependencies:
      '@swc/helpers': 0.5.18

  '@rspack/lite-tapable@1.1.0': {}

  '@rstest/core@0.7.7':
    dependencies:
      '@rsbuild/core': 1.7.0-beta.1
      '@types/chai': 5.2.3
      tinypool: 1.1.1

  '@swc/helpers@0.5.18':
    dependencies:
      tslib: 2.8.1

  '@tybys/wasm-util@0.10.1':
    dependencies:
      tslib: 2.8.1
    optional: true

  '@types/chai@5.2.3':
    dependencies:
      '@types/deep-eql': 4.0.2
      assertion-error: 2.0.1

  '@types/deep-eql@4.0.2': {}

  '@types/node@18.19.130':
    dependencies:
      undici-types: 5.26.5

  assertion-error@2.0.1: {}

  core-js@3.47.0: {}

  enhanced-resolve@5.18.4:
    dependencies:
      graceful-fs: 4.2.11
      tapable: 2.3.0

  graceful-fs@4.2.11: {}

  jiti@2.6.1: {}

  tapable@2.3.0: {}

  tinypool@1.1.1: {}

  tslib@2.8.1: {}

  undici-types@5.26.5: {}
